<?xml version="1.0" encoding="utf-8"?>
<Project ToolsVersion="4.0" xmlns="http://schemas.microsoft.com/developer/msbuild/2003">
  <ItemGroup>
    <Filter Include="Source Files">
      <UniqueIdentifier>{4FC737F1-C7A5-4376-A066-2A32D752A2FF}</UniqueIdentifier>
      <Extensions>cpp;c;cc;cxx;def;odl;idl;hpj;bat;asm;asmx</Extensions>
    </Filter>
    <Filter Include="Header Files">
      <UniqueIdentifier>{93995380-89BD-4b04-88EB-625FBE52EBFB}</UniqueIdentifier>
      <Extensions>h;hh;hpp;hxx;hm;inl;inc;ipp;xsd</Extensions>
    </Filter>
    <Filter Include="Resource Files">
      <UniqueIdentifier>{67DA6AB6-F800-4c08-8B7A-83BB121AAD01}</UniqueIdentifier>
      <Extensions>rc;ico;cur;bmp;dlg;rc2;rct;bin;rgs;gif;jpg;jpeg;jpe;resx;tiff;tif;png;wav;mfcribbon-ms</Extensions>
    </Filter>
  </ItemGroup>
  <ItemGroup>
    <ClCompile Include="..\Algorihtm_Insight2\카드2 2164.cpp">
      <Filter>Source Files</Filter>
    </ClCompile>
    <ClCompile Include="Z 1074.cpp">
      <Filter>Source Files</Filter>
    </ClCompile>
    <ClCompile Include="별찍기 10 2447.cpp">
      <Filter>Source Files</Filter>
    </ClCompile>
    <ClCompile Include="별찍기 11 2448.cpp">
      <Filter>Source Files</Filter>
    </ClCompile>
    <ClCompile Include="별찍기 2448.cpp">
      <Filter>Source Files</Filter>
    </ClCompile>
    <ClCompile Include="숫자 카드 10816.cpp">
      <Filter>Source Files</Filter>
    </ClCompile>
    <ClCompile Include="종이의 개수 1780.cpp">
      <Filter>Source Files</Filter>
    </ClCompile>
    <ClCompile Include="카드2 2164.cpp">
      <Filter>Source Files</Filter>
    </ClCompile>
    <ClCompile Include="쿼드 트리 1991.cpp">
      <Filter>Source Files</Filter>
    </ClCompile>
    <ClCompile Include="트리 순회 1991.cpp">
      <Filter>Source Files</Filter>
    </ClCompile>
    <ClCompile Include="트리의 순회 2263.cpp">
      <Filter>Source Files</Filter>
    </ClCompile>
    <ClCompile Include="버블 소트 1517.cpp">
      <Filter>Source Files</Filter>
    </ClCompile>
    <ClCompile Include="가장 가까운 두 점 2261.cpp">
      <Filter>Source Files</Filter>
    </ClCompile>
  </ItemGroup>
</Project>